// !$*UTF8*$!
{
	archiveVersion = 1;
	classes = {
	};
	objectVersion = 51;
	objects = {

/* Begin PBXBuildFile section */
		D24E7A75267C1FE200BE9BD6 /* BoardsVC.swift in Sources */ = {isa = PBXBuildFile; fileRef = D24E7A74267C1FE200BE9BD6 /* BoardsVC.swift */; };
		D24E7A77267C2E1E00BE9BD6 /* Model.swift in Sources */ = {isa = PBXBuildFile; fileRef = D24E7A76267C2E1E00BE9BD6 /* Model.swift */; };
		D24E7A79267C486300BE9BD6 /* CreateBoardVC.swift in Sources */ = {isa = PBXBuildFile; fileRef = D24E7A78267C486300BE9BD6 /* CreateBoardVC.swift */; };
		D24E7A7B267C662800BE9BD6 /* DetailVC.swift in Sources */ = {isa = PBXBuildFile; fileRef = D24E7A7A267C662800BE9BD6 /* DetailVC.swift */; };
		D28A5B01266F534B000FA8AB /* AppDelegate.swift in Sources */ = {isa = PBXBuildFile; fileRef = D28A5B00266F534B000FA8AB /* AppDelegate.swift */; };
		D28A5B03266F534B000FA8AB /* SceneDelegate.swift in Sources */ = {isa = PBXBuildFile; fileRef = D28A5B02266F534B000FA8AB /* SceneDelegate.swift */; };
		D28A5B05266F534B000FA8AB /* MainVC.swift in Sources */ = {isa = PBXBuildFile; fileRef = D28A5B04266F534B000FA8AB /* MainVC.swift */; };
		D28A5B08266F534B000FA8AB /* Main.storyboard in Resources */ = {isa = PBXBuildFile; fileRef = D28A5B06266F534B000FA8AB /* Main.storyboard */; };
		D28A5B0A266F534C000FA8AB /* Assets.xcassets in Resources */ = {isa = PBXBuildFile; fileRef = D28A5B09266F534C000FA8AB /* Assets.xcassets */; };
		D28A5B0D266F534C000FA8AB /* LaunchScreen.storyboard in Resources */ = {isa = PBXBuildFile; fileRef = D28A5B0B266F534C000FA8AB /* LaunchScreen.storyboard */; };
		DCF31A47444D6FEFC246D40B /* Pods_MashUp.framework in Frameworks */ = {isa = PBXBuildFile; fileRef = AACB1E106927E044A87661F3 /* Pods_MashUp.framework */; };
/* End PBXBuildFile section */

/* Begin PBXFileReference section */
		242927B79C1FE95E0BDB1160 /* Pods-MashUp.debug.xcconfig */ = {isa = PBXFileReference; includeInIndex = 1; lastKnownFileType = text.xcconfig; name = "Pods-MashUp.debug.xcconfig"; path = "Target Support Files/Pods-MashUp/Pods-MashUp.debug.xcconfig"; sourceTree = "<group>"; };
		AACB1E106927E044A87661F3 /* Pods_MashUp.framework */ = {isa = PBXFileReference; explicitFileType = wrapper.framework; includeInIndex = 0; path = Pods_MashUp.framework; sourceTree = BUILT_PRODUCTS_DIR; };
		AB06DFB1B72B6F92B5897620 /* Pods-MashUp.release.xcconfig */ = {isa = PBXFileReference; includeInIndex = 1; lastKnownFileType = text.xcconfig; name = "Pods-MashUp.release.xcconfig"; path = "Target Support Files/Pods-MashUp/Pods-MashUp.release.xcconfig"; sourceTree = "<group>"; };
		D24E7A74267C1FE200BE9BD6 /* BoardsVC.swift */ = {isa = PBXFileReference; lastKnownFileType = sourcecode.swift; path = BoardsVC.swift; sourceTree = "<group>"; };
		D24E7A76267C2E1E00BE9BD6 /* Model.swift */ = {isa = PBXFileReference; lastKnownFileType = sourcecode.swift; path = Model.swift; sourceTree = "<group>"; };
		D24E7A78267C486300BE9BD6 /* CreateBoardVC.swift */ = {isa = PBXFileReference; lastKnownFileType = sourcecode.swift; path = CreateBoardVC.swift; sourceTree = "<group>"; };
		D24E7A7A267C662800BE9BD6 /* DetailVC.swift */ = {isa = PBXFileReference; lastKnownFileType = sourcecode.swift; path = DetailVC.swift; sourceTree = "<group>"; };
		D28A5AFD266F534B000FA8AB /* MashUp.app */ = {isa = PBXFileReference; explicitFileType = wrapper.application; includeInIndex = 0; path = MashUp.app; sourceTree = BUILT_PRODUCTS_DIR; };
		D28A5B00266F534B000FA8AB /* AppDelegate.swift */ = {isa = PBXFileReference; lastKnownFileType = sourcecode.swift; path = AppDelegate.swift; sourceTree = "<group>"; };
		D28A5B02266F534B000FA8AB /* SceneDelegate.swift */ = {isa = PBXFileReference; lastKnownFileType = sourcecode.swift; path = SceneDelegate.swift; sourceTree = "<group>"; };
		D28A5B04266F534B000FA8AB /* MainVC.swift */ = {isa = PBXFileReference; lastKnownFileType = sourcecode.swift; path = MainVC.swift; sourceTree = "<group>"; };
		D28A5B07266F534B000FA8AB /* Base */ = {isa = PBXFileReference; lastKnownFileType = file.storyboard; name = Base; path = Base.lproj/Main.storyboard; sourceTree = "<group>"; };
		D28A5B09266F534C000FA8AB /* Assets.xcassets */ = {isa = PBXFileReference; lastKnownFileType = folder.assetcatalog; path = Assets.xcassets; sourceTree = "<group>"; };
		D28A5B0C266F534C000FA8AB /* Base */ = {isa = PBXFileReference; lastKnownFileType = file.storyboard; name = Base; path = Base.lproj/LaunchScreen.storyboard; sourceTree = "<group>"; };
		D28A5B0E266F534C000FA8AB /* Info.plist */ = {isa = PBXFileReference; lastKnownFileType = text.plist.xml; path = Info.plist; sourceTree = "<group>"; };
/* End PBXFileReference section */

/* Begin PBXFrameworksBuildPhase section */
		D28A5AFA266F534B000FA8AB /* Frameworks */ = {
			isa = PBXFrameworksBuildPhase;
			buildActionMask = 2147483647;
			files = (
				DCF31A47444D6FEFC246D40B /* Pods_MashUp.framework in Frameworks */,
			);
			runOnlyForDeploymentPostprocessing = 0;
		};
/* End PBXFrameworksBuildPhase section */

/* Begin PBXGroup section */
		3E6F8F5959B3FECBF2B0BAD1 /* Frameworks */ = {
			isa = PBXGroup;
			children = (
				AACB1E106927E044A87661F3 /* Pods_MashUp.framework */,
			);
			name = Frameworks;
			sourceTree = "<group>";
		};
		94273BDF1E5EF45D7A35A457 /* Pods */ = {
			isa = PBXGroup;
			children = (
				242927B79C1FE95E0BDB1160 /* Pods-MashUp.debug.xcconfig */,
				AB06DFB1B72B6F92B5897620 /* Pods-MashUp.release.xcconfig */,
			);
			path = Pods;
			sourceTree = "<group>";
		};
		D28A5AF4266F534B000FA8AB = {
			isa = PBXGroup;
			children = (
				D28A5AFF266F534B000FA8AB /* MashUp */,
				D28A5AFE266F534B000FA8AB /* Products */,
				94273BDF1E5EF45D7A35A457 /* Pods */,
				3E6F8F5959B3FECBF2B0BAD1 /* Frameworks */,
			);
			sourceTree = "<group>";
		};
		D28A5AFE266F534B000FA8AB /* Products */ = {
			isa = PBXGroup;
			children = (
				D28A5AFD266F534B000FA8AB /* MashUp.app */,
			);
			name = Products;
			sourceTree = "<group>";
		};
		D28A5AFF266F534B000FA8AB /* MashUp */ = {
			isa = PBXGroup;
			children = (
				D28A5B00266F534B000FA8AB /* AppDelegate.swift */,
				D28A5B02266F534B000FA8AB /* SceneDelegate.swift */,
				D28A5B04266F534B000FA8AB /* MainVC.swift */,
				D24E7A78267C486300BE9BD6 /* CreateBoardVC.swift */,
				D24E7A74267C1FE200BE9BD6 /* BoardsVC.swift */,
				D24E7A76267C2E1E00BE9BD6 /* Model.swift */,
				D28A5B06266F534B000FA8AB /* Main.storyboard */,
				D24E7A7A267C662800BE9BD6 /* DetailVC.swift */,
				D28A5B09266F534C000FA8AB /* Assets.xcassets */,
				D28A5B0B266F534C000FA8AB /* LaunchScreen.storyboard */,
				D28A5B0E266F534C000FA8AB /* Info.plist */,
			);
			path = MashUp;
			sourceTree = "<group>";
		};
/* End PBXGroup section */

/* Begin PBXNativeTarget section */
		D28A5AFC266F534B000FA8AB /* MashUp */ = {
			isa = PBXNativeTarget;
			buildConfigurationList = D28A5B11266F534C000FA8AB /* Build configuration list for PBXNativeTarget "MashUp" */;
			buildPhases = (
				AB7039CB3FCE430A85F6C0B6 /* [CP] Check Pods Manifest.lock */,
				D28A5AF9266F534B000FA8AB /* Sources */,
				D28A5AFA266F534B000FA8AB /* Frameworks */,
				D28A5AFB266F534B000FA8AB /* Resources */,
				DA7D237C623C715EA6F69BFB /* [CP] Embed Pods Frameworks */,
			);
			buildRules = (
			);
			dependencies = (
			);
			name = MashUp;
			productName = MashUp;
			productReference = D28A5AFD266F534B000FA8AB /* MashUp.app */;
			productType = "com.apple.product-type.application";
		};
/* End PBXNativeTarget section */

/* Begin PBXProject section */
		D28A5AF5266F534B000FA8AB /* Project object */ = {
			isa = PBXProject;
			attributes = {
				LastSwiftUpdateCheck = 1250;
				LastUpgradeCheck = 1250;
				TargetAttributes = {
					D28A5AFC266F534B000FA8AB = {
						CreatedOnToolsVersion = 12.5;
					};
				};
			};
			buildConfigurationList = D28A5AF8266F534B000FA8AB /* Build configuration list for PBXProject "MashUp" */;
			compatibilityVersion = "Xcode 9.3";
			developmentRegion = en;
			hasScannedForEncodings = 0;
			knownRegions = (
				en,
				Base,
			);
			mainGroup = D28A5AF4266F534B000FA8AB;
			productRefGroup = D28A5AFE266F534B000FA8AB /* Products */;
			projectDirPath = "";
			projectRoot = "";
			targets = (
				D28A5AFC266F534B000FA8AB /* MashUp */,
			);
		};
/* End PBXProject section */

/* Begin PBXResourcesBuildPhase section */
		D28A5AFB266F534B000FA8AB /* Resources */ = {
			isa = PBXResourcesBuildPhase;
			buildActionMask = 2147483647;
			files = (
				D28A5B0D266F534C000FA8AB /* LaunchScreen.storyboard in Resources */,
				D28A5B0A266F534C000FA8AB /* Assets.xcassets in Resources */,
				D28A5B08266F534B000FA8AB /* Main.storyboard in Resources */,
			);
			runOnlyForDeploymentPostprocessing = 0;
		};
/* End PBXResourcesBuildPhase section */

/* Begin PBXShellScriptBuildPhase section */
		AB7039CB3FCE430A85F6C0B6 /* [CP] Check Pods Manifest.lock */ = {
			isa = PBXShellScriptBuildPhase;
			buildActionMask = 2147483647;
			files = (
			);
			inputFileListPaths = (
			);
			inputPaths = (
				"${PODS_PODFILE_DIR_PATH}/Podfile.lock",
				"${PODS_ROOT}/Manifest.lock",
			);
			name = "[CP] Check Pods Manifest.lock";
			outputFileListPaths = (
			);
			outputPaths = (
				"$(DERIVED_FILE_DIR)/Pods-MashUp-checkManifestLockResult.txt",
			);
			runOnlyForDeploymentPostprocessing = 0;
			shellPath = /bin/sh;
			shellScript = "diff \"${PODS_PODFILE_DIR_PATH}/Podfile.lock\" \"${PODS_ROOT}/Manifest.lock\" > /dev/null\nif [ $? != 0 ] ; then\n    # print error to STDERR\n    echo \"error: The sandbox is not in sync with the Podfile.lock. Run 'pod install' or update your CocoaPods installation.\" >&2\n    exit 1\nfi\n# This output is used by Xcode 'outputs' to avoid re-running this script phase.\necho \"SUCCESS\" > \"${SCRIPT_OUTPUT_FILE_0}\"\n";
			showEnvVarsInLog = 0;
		};
		DA7D237C623C715EA6F69BFB /* [CP] Embed Pods Frameworks */ = {
			isa = PBXShellScriptBuildPhase;
			buildActionMask = 2147483647;
			files = (
			);
			inputFileListPaths = (
				"${PODS_ROOT}/Target Support Files/Pods-MashUp/Pods-MashUp-frameworks-${CONFIGURATION}-input-files.xcfilelist",
			);
			name = "[CP] Embed Pods Frameworks";
			outputFileListPaths = (
				"${PODS_ROOT}/Target Support Files/Pods-MashUp/Pods-MashUp-frameworks-${CONFIGURATION}-output-files.xcfilelist",
			);
			runOnlyForDeploymentPostprocessing = 0;
			shellPath = /bin/sh;
			shellScript = "\"${PODS_ROOT}/Target Support Files/Pods-MashUp/Pods-MashUp-frameworks.sh\"\n";
			showEnvVarsInLog = 0;
		};
/* End PBXShellScriptBuildPhase section */

/* Begin PBXSourcesBuildPhase section */
		D28A5AF9266F534B000FA8AB /* Sources */ = {
			isa = PBXSourcesBuildPhase;
			buildActionMask = 2147483647;
			files = (
				D24E7A79267C486300BE9BD6 /* CreateBoardVC.swift in Sources */,
				D24E7A77267C2E1E00BE9BD6 /* Model.swift in Sources */,
				D28A5B05266F534B000FA8AB /* MainVC.swift in Sources */,
				D24E7A75267C1FE200BE9BD6 /* BoardsVC.swift in Sources */,
				D28A5B01266F534B000FA8AB /* AppDelegate.swift in Sources */,
				D28A5B03266F534B000FA8AB /* SceneDelegate.swift in Sources */,
				D24E7A7B267C662800BE9BD6 /* DetailVC.swift in Sources */,
			);
			runOnlyForDeploymentPostprocessing = 0;
		};
/* End PBXSourcesBuildPhase section */

/* Begin PBXVariantGroup section */
		D28A5B06266F534B000FA8AB /* Main.storyboard */ = {
			isa = PBXVariantGroup;
			children = (
				D28A5B07266F534B000FA8AB /* Base */,
			);
			name = Main.storyboard;
			sourceTree = "<group>";
		};
		D28A5B0B266F534C000FA8AB /* LaunchScreen.storyboard */ = {
			isa = PBXVariantGroup;
			children = (
				D28A5B0C266F534C000FA8AB /* Base */,
			);
			name = LaunchScreen.storyboard;
			sourceTree = "<group>";
		};
/* End PBXVariantGroup section */

/* Begin XCBuildConfiguration section */
		D28A5B0F266F534C000FA8AB /* Debug */ = {
			isa = XCBuildConfiguration;
			buildSettings = {
				ALWAYS_SEARCH_USER_PATHS = NO;
				CLANG_ANALYZER_NONNULL = YES;
				CLANG_ANALYZER_NUMBER_OBJECT_CONVERSION = YES_AGGRESSIVE;
				CLANG_CXX_LANGUAGE_STANDARD = "gnu++14";
				CLANG_CXX_LIBRARY = "libc++";
				CLANG_ENABLE_MODULES = YES;
				CLANG_ENABLE_OBJC_ARC = YES;
				CLANG_ENABLE_OBJC_WEAK = YES;
				CLANG_WARN_BLOCK_CAPTURE_AUTORELEASING = YES;
				CLANG_WARN_BOOL_CONVERSION = YES;
				CLANG_WARN_COMMA = YES;
				CLANG_WARN_CONSTANT_CONVERSION = YES;
				CLANG_WARN_DEPRECATED_OBJC_IMPLEMENTATIONS = YES;
				CLANG_WARN_DIRECT_OBJC_ISA_USAGE = YES_ERROR;
				CLANG_WARN_DOCUMENTATION_COMMENTS = YES;
				CLANG_WARN_EMPTY_BODY = YES;
				CLANG_WARN_ENUM_CONVERSION = YES;
				CLANG_WARN_INFINITE_RECURSION = YES;
				CLANG_WARN_INT_CONVERSION = YES;
				CLANG_WARN_NON_LITERAL_NULL_CONVERSION = YES;
				CLANG_WARN_OBJC_IMPLICIT_RETAIN_SELF = YES;
				CLANG_WARN_OBJC_LITERAL_CONVERSION = YES;
				CLANG_WARN_OBJC_ROOT_CLASS = YES_ERROR;
				CLANG_WARN_QUOTED_INCLUDE_IN_FRAMEWORK_HEADER = YES;
				CLANG_WARN_RANGE_LOOP_ANALYSIS = YES;
				CLANG_WARN_STRICT_PROTOTYPES = YES;
				CLANG_WARN_SUSPICIOUS_MOVE = YES;
				CLANG_WARN_UNGUARDED_AVAILABILITY = YES_AGGRESSIVE;
				CLANG_WARN_UNREACHABLE_CODE = YES;
				CLANG_WARN__DUPLICATE_METHOD_MATCH = YES;
				COPY_PHASE_STRIP = NO;
				DEBUG_INFORMATION_FORMAT = dwarf;
				ENABLE_STRICT_OBJC_MSGSEND = YES;
				ENABLE_TESTABILITY = YES;
				GCC_C_LANGUAGE_STANDARD = gnu11;
				GCC_DYNAMIC_NO_PIC = NO;
				GCC_NO_COMMON_BLOCKS = YES;
				GCC_OPTIMIZATION_LEVEL = 0;
				GCC_PREPROCESSOR_DEFINITIONS = (
					"DEBUG=1",
					"$(inherited)",
				);
				GCC_WARN_64_TO_32_BIT_CONVERSION = YES;
				GCC_WARN_ABOUT_RETURN_TYPE = YES_ERROR;
				GCC_WARN_UNDECLARED_SELECTOR = YES;
				GCC_WARN_UNINITIALIZED_AUTOS = YES_AGGRESSIVE;
				GCC_WARN_UNUSED_FUNCTION = YES;
				GCC_WARN_UNUSED_VARIABLE = YES;
				IPHONEOS_DEPLOYMENT_TARGET = 14.5;
				MTL_ENABLE_DEBUG_INFO = INCLUDE_SOURCE;
				MTL_FAST_MATH = YES;
				ONLY_ACTIVE_ARCH = YES;
				SDKROOT = iphoneos;
				SWIFT_ACTIVE_COMPILATION_CONDITIONS = DEBUG;
				SWIFT_OPTIMIZATION_LEVEL = "-Onone";
			};
			name = Debug;
		};
		D28A5B10266F534C000FA8AB /* Release */ = {
			isa = XCBuildConfiguration;
			buildSettings = {
				ALWAYS_SEARCH_USER_PATHS = NO;
				CLANG_ANALYZER_NONNULL = YES;
				CLANG_ANALYZER_NUMBER_OBJECT_CONVERSION = YES_AGGRESSIVE;
				CLANG_CXX_LANGUAGE_STANDARD = "gnu++14";
				CLANG_CXX_LIBRARY = "libc++";
				CLANG_ENABLE_MODULES = YES;
				CLANG_ENABLE_OBJC_ARC = YES;
				CLANG_ENABLE_OBJC_WEAK = YES;
				CLANG_WARN_BLOCK_CAPTURE_AUTORELEASING = YES;
				CLANG_WARN_BOOL_CONVERSION = YES;
				CLANG_WARN_COMMA = YES;
				CLANG_WARN_CONSTANT_CONVERSION = YES;
				CLANG_WARN_DEPRECATED_OBJC_IMPLEMENTATIONS = YES;
				CLANG_WARN_DIRECT_OBJC_ISA_USAGE = YES_ERROR;
				CLANG_WARN_DOCUMENTATION_COMMENTS = YES;
				CLANG_WARN_EMPTY_BODY = YES;
				CLANG_WARN_ENUM_CONVERSION = YES;
				CLANG_WARN_INFINITE_RECURSION = YES;
				CLANG_WARN_INT_CONVERSION = YES;
				CLANG_WARN_NON_LITERAL_NULL_CONVERSION = YES;
				CLANG_WARN_OBJC_IMPLICIT_RETAIN_SELF = YES;
				CLANG_WARN_OBJC_LITERAL_CONVERSION = YES;
				CLANG_WARN_OBJC_ROOT_CLASS = YES_ERROR;
				CLANG_WARN_QUOTED_INCLUDE_IN_FRAMEWORK_HEADER = YES;
				CLANG_WARN_RANGE_LOOP_ANALYSIS = YES;
				CLANG_WARN_STRICT_PROTOTYPES = YES;
				CLANG_WARN_SUSPICIOUS_MOVE = YES;
				CLANG_WARN_UNGUARDED_AVAILABILITY = YES_AGGRESSIVE;
				CLANG_WARN_UNREACHABLE_CODE = YES;
				CLANG_WARN__DUPLICATE_METHOD_MATCH = YES;
				COPY_PHASE_STRIP = NO;
				DEBUG_INFORMATION_FORMAT = "dwarf-with-dsym";
				ENABLE_NS_ASSERTIONS = NO;
				ENABLE_STRICT_OBJC_MSGSEND = YES;
				GCC_C_LANGUAGE_STANDARD = gnu11;
				GCC_NO_COMMON_BLOCKS = YES;
				GCC_WARN_64_TO_32_BIT_CONVERSION = YES;
				GCC_WARN_ABOUT_RETURN_TYPE = YES_ERROR;
				GCC_WARN_UNDECLARED_SELECTOR = YES;
				GCC_WARN_UNINITIALIZED_AUTOS = YES_AGGRESSIVE;
				GCC_WARN_UNUSED_FUNCTION = YES;
				GCC_WARN_UNUSED_VARIABLE = YES;
				IPHONEOS_DEPLOYMENT_TARGET = 14.5;
				MTL_ENABLE_DEBUG_INFO = NO;
				MTL_FAST_MATH = YES;
				SDKROOT = iphoneos;
				SWIFT_COMPILATION_MODE = wholemodule;
				SWIFT_OPTIMIZATION_LEVEL = "-O";
				VALIDATE_PRODUCT = YES;
			};
			name = Release;
		};
		D28A5B12266F534C000FA8AB /* Debug */ = {
			isa = XCBuildConfiguration;
			baseConfigurationReference = 242927B79C1FE95E0BDB1160 /* Pods-MashUp.debug.xcconfig */;
			buildSettings = {
				ASSETCATALOG_COMPILER_APPICON_NAME = AppIcon;
				ASSETCATALOG_COMPILER_GLOBAL_ACCENT_COLOR_NAME = AccentColor;
				CODE_SIGN_STYLE = Automatic;
				DEVELOPMENT_TEAM = KLKPT7BZGN;
				INFOPLIST_FILE = MashUp/Info.plist;
				LD_RUNPATH_SEARCH_PATHS = (
					"$(inherited)",
					"@executable_path/Frameworks",
				);
				PRODUCT_BUNDLE_IDENTIFIER = Hyun.MashUp;
				PRODUCT_NAME = "$(TARGET_NAME)";
				SWIFT_VERSION = 5.0;
				TARGETED_DEVICE_FAMILY = "1,2";
			};
			name = Debug;
		};
		D28A5B13266F534C000FA8AB /* Release */ = {
			isa = XCBuildConfiguration;
			baseConfigurationReference = AB06DFB1B72B6F92B5897620 /* Pods-MashUp.release.xcconfig */;
			buildSettings = {
				ASSETCATALOG_COMPILER_APPICON_NAME = AppIcon;
				ASSETCATALOG_COMPILER_GLOBAL_ACCENT_COLOR_NAME = AccentColor;
				CODE_SIGN_STYLE = Automatic;
				DEVELOPMENT_TEAM = KLKPT7BZGN;
				INFOPLIST_FILE = MashUp/Info.plist;
				LD_RUNPATH_SEARCH_PATHS = (
					"$(inherited)",
					"@executable_path/Frameworks",
				);
				PRODUCT_BUNDLE_IDENTIFIER = Hyun.MashUp;
				PRODUCT_NAME = "$(TARGET_NAME)";
				SWIFT_VERSION = 5.0;
				TARGETED_DEVICE_FAMILY = "1,2";
			};
			name = Release;
		};
/* End XCBuildConfiguration section */

/* Begin XCConfigurationList section */
		D28A5AF8266F534B000FA8AB /* Build configuration list for PBXProject "MashUp" */ = {
			isa = XCConfigurationList;
			buildConfigurations = (
				D28A5B0F266F534C000FA8AB /* Debug */,
				D28A5B10266F534C000FA8AB /* Release */,
			);
			defaultConfigurationIsVisible = 0;
			defaultConfigurationName = Release;
		};
		D28A5B11266F534C000FA8AB /* Build configuration list for PBXNativeTarget "MashUp" */ = {
			isa = XCConfigurationList;
			buildConfigurations = (
				D28A5B12266F534C000FA8AB /* Debug */,
				D28A5B13266F534C000FA8AB /* Release */,
			);
			defaultConfigurationIsVisible = 0;
			defaultConfigurationName = Release;
		};
/* End XCConfigurationList section */
	};
	rootObject = D28A5AF5266F534B000FA8AB /* Project object */;
}
